
Microsoft Visual Studio Solution File, Format Version 12.00
# Visual Studio Version 17
VisualStudioVersion = 17.1.32421.90
MinimumVisualStudioVersion = 10.0.40219.1
Project("{FAE04EC0-301F-11D3-BF4B-00C04F79EFBC}") = "PI_ZoološkiVrt_App", "PI_ZoološkiVrt_App\PI_ZoološkiVrt_App.csproj", "{539B6D2D-EF84-49DE-9CED-2285BAF59D6B}"
EndProject
Global
	GlobalSection(SolutionConfigurationPlatforms) = preSolution
		Debug|Any CPU = Debug|Any CPU
		Release|Any CPU = Release|Any CPU
	EndGlobalSection
	GlobalSection(ProjectConfigurationPlatforms) = postSolution
		{539B6D2D-EF84-49DE-9CED-2285BAF59D6B}.Debug|Any CPU.ActiveCfg = Debug|Any CPU
		{539B6D2D-EF84-49DE-9CED-2285BAF59D6B}.Debug|Any CPU.Build.0 = Debug|Any CPU
		{539B6D2D-EF84-49DE-9CED-2285BAF59D6B}.Release|Any CPU.ActiveCfg = Release|Any CPU
		{539B6D2D-EF84-49DE-9CED-2285BAF59D6B}.Release|Any CPU.Build.0 = Release|Any CPU
	EndGlobalSection
	GlobalSection(SolutionProperties) = preSolution
		HideSolutionNode = FALSE
	EndGlobalSection
	GlobalSection(ExtensibilityGlobals) = postSolution
		SolutionGuid = {438FFA68-1842-41D5-ADA4-58ACBD7A3BF0}
	EndGlobalSection
EndGlobal
